
Microsoft Visual Studio Solution File, Format Version 12.00
# Visual Studio Version 16
VisualStudioVersion = 16.0.29709.97
MinimumVisualStudioVersion = 10.0.40219.1
Project("{FAE04EC0-301F-11D3-BF4B-00C04F79EFBC}") = "01SingleResponsibility", "01SingleResponsibility\01SingleResponsibility.csproj", "{397DBE7F-53C5-4C67-A40F-FAFE3A50F185}"
EndProject
Global
	GlobalSection(SolutionConfigurationPlatforms) = preSolution
		Debug|Any CPU = Debug|Any CPU
		Release|Any CPU = Release|Any CPU
	EndGlobalSection
	GlobalSection(ProjectConfigurationPlatforms) = postSolution
		{397DBE7F-53C5-4C67-A40F-FAFE3A50F185}.Debug|Any CPU.ActiveCfg = Debug|Any CPU
		{397DBE7F-53C5-4C67-A40F-FAFE3A50F185}.Debug|Any CPU.Build.0 = Debug|Any CPU
		{397DBE7F-53C5-4C67-A40F-FAFE3A50F185}.Release|Any CPU.ActiveCfg = Release|Any CPU
		{397DBE7F-53C5-4C67-A40F-FAFE3A50F185}.Release|Any CPU.Build.0 = Release|Any CPU
	EndGlobalSection
	GlobalSection(SolutionProperties) = preSolution
		HideSolutionNode = FALSE
	EndGlobalSection
	GlobalSection(ExtensibilityGlobals) = postSolution
		SolutionGuid = {E9BA7397-D96E-42DB-8D84-235A57AAE3BE}
	EndGlobalSection
EndGlobal
