
Microsoft Visual Studio Solution File, Format Version 12.00
# Visual Studio Version 16
VisualStudioVersion = 16.0.29709.97
MinimumVisualStudioVersion = 10.0.40219.1
Project("{FAE04EC0-301F-11D3-BF4B-00C04F79EFBC}") = "01SingleResponsibility", "01SingleResponsibility\01SingleResponsibility.csproj", "{397DBE7F-53C5-4C67-A40F-FAFE3A50F185}"
EndProject
Project("{FAE04EC0-301F-11D3-BF4B-00C04F79EFBC}") = "02SingleResponsibilityRefactor", "02SingleResponsibilityRefactor\02SingleResponsibilityRefactor.csproj", "{7736630D-3053-4C0F-8B54-FD8151D6BE16}"
EndProject
Project("{FAE04EC0-301F-11D3-BF4B-00C04F79EFBC}") = "03OpenClosed", "03OpenClosed\03OpenClosed.csproj", "{D3AE33D3-58D5-45C3-9925-30FB29E2E7E4}"
EndProject
Project("{FAE04EC0-301F-11D3-BF4B-00C04F79EFBC}") = "04OpenClosedRefactor", "04OpenClosedRefactor\04OpenClosedRefactor.csproj", "{5CB0B51C-D2F1-4E19-BD8E-A27C233BE1A1}"
EndProject
Project("{FAE04EC0-301F-11D3-BF4B-00C04F79EFBC}") = "05Liskov", "05Liskov\05Liskov.csproj", "{810DF5D8-5FD6-4436-8DF3-E5A57078EDFE}"
EndProject
Project("{FAE04EC0-301F-11D3-BF4B-00C04F79EFBC}") = "06LiskovRefactor", "06LiskovRefactor\06LiskovRefactor.csproj", "{778D0BC4-A91B-4C7A-A1B0-957EC77D2231}"
EndProject
Project("{FAE04EC0-301F-11D3-BF4B-00C04F79EFBC}") = "07InterfaceSegregation", "07InterfaceSegregation\07InterfaceSegregation.csproj", "{D9C15EE6-B876-4624-BF87-1A4B2751CE39}"
EndProject
Project("{FAE04EC0-301F-11D3-BF4B-00C04F79EFBC}") = "08InterfaceSegregationRefactor", "08InterfaceSegregationRefactor\08InterfaceSegregationRefactor.csproj", "{38BEDB43-2308-439B-B0A8-F18B57946A5E}"
EndProject
Global
	GlobalSection(SolutionConfigurationPlatforms) = preSolution
		Debug|Any CPU = Debug|Any CPU
		Release|Any CPU = Release|Any CPU
	EndGlobalSection
	GlobalSection(ProjectConfigurationPlatforms) = postSolution
		{397DBE7F-53C5-4C67-A40F-FAFE3A50F185}.Debug|Any CPU.ActiveCfg = Debug|Any CPU
		{397DBE7F-53C5-4C67-A40F-FAFE3A50F185}.Debug|Any CPU.Build.0 = Debug|Any CPU
		{397DBE7F-53C5-4C67-A40F-FAFE3A50F185}.Release|Any CPU.ActiveCfg = Release|Any CPU
		{397DBE7F-53C5-4C67-A40F-FAFE3A50F185}.Release|Any CPU.Build.0 = Release|Any CPU
		{7736630D-3053-4C0F-8B54-FD8151D6BE16}.Debug|Any CPU.ActiveCfg = Debug|Any CPU
		{7736630D-3053-4C0F-8B54-FD8151D6BE16}.Debug|Any CPU.Build.0 = Debug|Any CPU
		{7736630D-3053-4C0F-8B54-FD8151D6BE16}.Release|Any CPU.ActiveCfg = Release|Any CPU
		{7736630D-3053-4C0F-8B54-FD8151D6BE16}.Release|Any CPU.Build.0 = Release|Any CPU
		{D3AE33D3-58D5-45C3-9925-30FB29E2E7E4}.Debug|Any CPU.ActiveCfg = Debug|Any CPU
		{D3AE33D3-58D5-45C3-9925-30FB29E2E7E4}.Debug|Any CPU.Build.0 = Debug|Any CPU
		{D3AE33D3-58D5-45C3-9925-30FB29E2E7E4}.Release|Any CPU.ActiveCfg = Release|Any CPU
		{D3AE33D3-58D5-45C3-9925-30FB29E2E7E4}.Release|Any CPU.Build.0 = Release|Any CPU
		{5CB0B51C-D2F1-4E19-BD8E-A27C233BE1A1}.Debug|Any CPU.ActiveCfg = Debug|Any CPU
		{5CB0B51C-D2F1-4E19-BD8E-A27C233BE1A1}.Debug|Any CPU.Build.0 = Debug|Any CPU
		{5CB0B51C-D2F1-4E19-BD8E-A27C233BE1A1}.Release|Any CPU.ActiveCfg = Release|Any CPU
		{5CB0B51C-D2F1-4E19-BD8E-A27C233BE1A1}.Release|Any CPU.Build.0 = Release|Any CPU
		{810DF5D8-5FD6-4436-8DF3-E5A57078EDFE}.Debug|Any CPU.ActiveCfg = Debug|Any CPU
		{810DF5D8-5FD6-4436-8DF3-E5A57078EDFE}.Debug|Any CPU.Build.0 = Debug|Any CPU
		{810DF5D8-5FD6-4436-8DF3-E5A57078EDFE}.Release|Any CPU.ActiveCfg = Release|Any CPU
		{810DF5D8-5FD6-4436-8DF3-E5A57078EDFE}.Release|Any CPU.Build.0 = Release|Any CPU
		{778D0BC4-A91B-4C7A-A1B0-957EC77D2231}.Debug|Any CPU.ActiveCfg = Debug|Any CPU
		{778D0BC4-A91B-4C7A-A1B0-957EC77D2231}.Debug|Any CPU.Build.0 = Debug|Any CPU
		{778D0BC4-A91B-4C7A-A1B0-957EC77D2231}.Release|Any CPU.ActiveCfg = Release|Any CPU
		{778D0BC4-A91B-4C7A-A1B0-957EC77D2231}.Release|Any CPU.Build.0 = Release|Any CPU
		{D9C15EE6-B876-4624-BF87-1A4B2751CE39}.Debug|Any CPU.ActiveCfg = Debug|Any CPU
		{D9C15EE6-B876-4624-BF87-1A4B2751CE39}.Debug|Any CPU.Build.0 = Debug|Any CPU
		{D9C15EE6-B876-4624-BF87-1A4B2751CE39}.Release|Any CPU.ActiveCfg = Release|Any CPU
		{D9C15EE6-B876-4624-BF87-1A4B2751CE39}.Release|Any CPU.Build.0 = Release|Any CPU
		{38BEDB43-2308-439B-B0A8-F18B57946A5E}.Debug|Any CPU.ActiveCfg = Debug|Any CPU
		{38BEDB43-2308-439B-B0A8-F18B57946A5E}.Debug|Any CPU.Build.0 = Debug|Any CPU
		{38BEDB43-2308-439B-B0A8-F18B57946A5E}.Release|Any CPU.ActiveCfg = Release|Any CPU
		{38BEDB43-2308-439B-B0A8-F18B57946A5E}.Release|Any CPU.Build.0 = Release|Any CPU
	EndGlobalSection
	GlobalSection(SolutionProperties) = preSolution
		HideSolutionNode = FALSE
	EndGlobalSection
	GlobalSection(ExtensibilityGlobals) = postSolution
		SolutionGuid = {E9BA7397-D96E-42DB-8D84-235A57AAE3BE}
	EndGlobalSection
EndGlobal
